
Microsoft Visual Studio Solution File, Format Version 12.00
# Visual Studio 15
VisualStudioVersion = 15.0.28307.168
MinimumVisualStudioVersion = 10.0.40219.1
Project("{FAE04EC0-301F-11D3-BF4B-00C04F79EFBC}") = "AlytaloXamarin.Android", "AlytaloXamarin\AlytaloXamarin.Android\AlytaloXamarin.Android.csproj", "{CA3E9690-50A6-4BF5-8D7E-6886B2354517}"
EndProject
Project("{FAE04EC0-301F-11D3-BF4B-00C04F79EFBC}") = "AlytaloXamarin.iOS", "AlytaloXamarin\AlytaloXamarin.iOS\AlytaloXamarin.iOS.csproj", "{1530D2DF-4035-43EA-80D1-4A935E7EAAA6}"
EndProject
Project("{FAE04EC0-301F-11D3-BF4B-00C04F79EFBC}") = "AlytaloXamarin", "AlytaloXamarin\AlytaloXamarin\AlytaloXamarin.csproj", "{38CA3570-B468-4E1C-B4DC-1A8ABEC40EF6}"
EndProject
Global
	GlobalSection(SolutionConfigurationPlatforms) = preSolution
		Ad-Hoc|Any CPU = Ad-Hoc|Any CPU
		Ad-Hoc|iPhone = Ad-Hoc|iPhone
		Ad-Hoc|iPhoneSimulator = Ad-Hoc|iPhoneSimulator
		AppStore|Any CPU = AppStore|Any CPU
		AppStore|iPhone = AppStore|iPhone
		AppStore|iPhoneSimulator = AppStore|iPhoneSimulator
		Debug|Any CPU = Debug|Any CPU
		Debug|iPhone = Debug|iPhone
		Debug|iPhoneSimulator = Debug|iPhoneSimulator
		Release|Any CPU = Release|Any CPU
		Release|iPhone = Release|iPhone
		Release|iPhoneSimulator = Release|iPhoneSimulator
	EndGlobalSection
	GlobalSection(ProjectConfigurationPlatforms) = postSolution
		{CA3E9690-50A6-4BF5-8D7E-6886B2354517}.Ad-Hoc|Any CPU.ActiveCfg = Release|Any CPU
		{CA3E9690-50A6-4BF5-8D7E-6886B2354517}.Ad-Hoc|Any CPU.Build.0 = Release|Any CPU
		{CA3E9690-50A6-4BF5-8D7E-6886B2354517}.Ad-Hoc|Any CPU.Deploy.0 = Release|Any CPU
		{CA3E9690-50A6-4BF5-8D7E-6886B2354517}.Ad-Hoc|iPhone.ActiveCfg = Release|Any CPU
		{CA3E9690-50A6-4BF5-8D7E-6886B2354517}.Ad-Hoc|iPhone.Build.0 = Release|Any CPU
		{CA3E9690-50A6-4BF5-8D7E-6886B2354517}.Ad-Hoc|iPhone.Deploy.0 = Release|Any CPU
		{CA3E9690-50A6-4BF5-8D7E-6886B2354517}.Ad-Hoc|iPhoneSimulator.ActiveCfg = Release|Any CPU
		{CA3E9690-50A6-4BF5-8D7E-6886B2354517}.Ad-Hoc|iPhoneSimulator.Build.0 = Release|Any CPU
		{CA3E9690-50A6-4BF5-8D7E-6886B2354517}.Ad-Hoc|iPhoneSimulator.Deploy.0 = Release|Any CPU
		{CA3E9690-50A6-4BF5-8D7E-6886B2354517}.AppStore|Any CPU.ActiveCfg = Release|Any CPU
		{CA3E9690-50A6-4BF5-8D7E-6886B2354517}.AppStore|Any CPU.Build.0 = Release|Any CPU
		{CA3E9690-50A6-4BF5-8D7E-6886B2354517}.AppStore|Any CPU.Deploy.0 = Release|Any CPU
		{CA3E9690-50A6-4BF5-8D7E-6886B2354517}.AppStore|iPhone.ActiveCfg = Release|Any CPU
		{CA3E9690-50A6-4BF5-8D7E-6886B2354517}.AppStore|iPhone.Build.0 = Release|Any CPU
		{CA3E9690-50A6-4BF5-8D7E-6886B2354517}.AppStore|iPhone.Deploy.0 = Release|Any CPU
		{CA3E9690-50A6-4BF5-8D7E-6886B2354517}.AppStore|iPhoneSimulator.ActiveCfg = Release|Any CPU
		{CA3E9690-50A6-4BF5-8D7E-6886B2354517}.AppStore|iPhoneSimulator.Build.0 = Release|Any CPU
		{CA3E9690-50A6-4BF5-8D7E-6886B2354517}.AppStore|iPhoneSimulator.Deploy.0 = Release|Any CPU
		{CA3E9690-50A6-4BF5-8D7E-6886B2354517}.Debug|Any CPU.ActiveCfg = Debug|Any CPU
		{CA3E9690-50A6-4BF5-8D7E-6886B2354517}.Debug|Any CPU.Build.0 = Debug|Any CPU
		{CA3E9690-50A6-4BF5-8D7E-6886B2354517}.Debug|Any CPU.Deploy.0 = Debug|Any CPU
		{CA3E9690-50A6-4BF5-8D7E-6886B2354517}.Debug|iPhone.ActiveCfg = Debug|Any CPU
		{CA3E9690-50A6-4BF5-8D7E-6886B2354517}.Debug|iPhone.Build.0 = Debug|Any CPU
		{CA3E9690-50A6-4BF5-8D7E-6886B2354517}.Debug|iPhone.Deploy.0 = Debug|Any CPU
		{CA3E9690-50A6-4BF5-8D7E-6886B2354517}.Debug|iPhoneSimulator.ActiveCfg = Debug|Any CPU
		{CA3E9690-50A6-4BF5-8D7E-6886B2354517}.Debug|iPhoneSimulator.Build.0 = Debug|Any CPU
		{CA3E9690-50A6-4BF5-8D7E-6886B2354517}.Debug|iPhoneSimulator.Deploy.0 = Debug|Any CPU
		{CA3E9690-50A6-4BF5-8D7E-6886B2354517}.Release|Any CPU.ActiveCfg = Release|Any CPU
		{CA3E9690-50A6-4BF5-8D7E-6886B2354517}.Release|Any CPU.Build.0 = Release|Any CPU
		{CA3E9690-50A6-4BF5-8D7E-6886B2354517}.Release|Any CPU.Deploy.0 = Release|Any CPU
		{CA3E9690-50A6-4BF5-8D7E-6886B2354517}.Release|iPhone.ActiveCfg = Release|Any CPU
		{CA3E9690-50A6-4BF5-8D7E-6886B2354517}.Release|iPhone.Build.0 = Release|Any CPU
		{CA3E9690-50A6-4BF5-8D7E-6886B2354517}.Release|iPhone.Deploy.0 = Release|Any CPU
		{CA3E9690-50A6-4BF5-8D7E-6886B2354517}.Release|iPhoneSimulator.ActiveCfg = Release|Any CPU
		{CA3E9690-50A6-4BF5-8D7E-6886B2354517}.Release|iPhoneSimulator.Build.0 = Release|Any CPU
		{CA3E9690-50A6-4BF5-8D7E-6886B2354517}.Release|iPhoneSimulator.Deploy.0 = Release|Any CPU
		{1530D2DF-4035-43EA-80D1-4A935E7EAAA6}.Ad-Hoc|Any CPU.ActiveCfg = Ad-Hoc|iPhone
		{1530D2DF-4035-43EA-80D1-4A935E7EAAA6}.Ad-Hoc|Any CPU.Build.0 = Ad-Hoc|iPhone
		{1530D2DF-4035-43EA-80D1-4A935E7EAAA6}.Ad-Hoc|Any CPU.Deploy.0 = Ad-Hoc|iPhone
		{1530D2DF-4035-43EA-80D1-4A935E7EAAA6}.Ad-Hoc|iPhone.ActiveCfg = Ad-Hoc|iPhone
		{1530D2DF-4035-43EA-80D1-4A935E7EAAA6}.Ad-Hoc|iPhone.Build.0 = Ad-Hoc|iPhone
		{1530D2DF-4035-43EA-80D1-4A935E7EAAA6}.Ad-Hoc|iPhone.Deploy.0 = Ad-Hoc|iPhone
		{1530D2DF-4035-43EA-80D1-4A935E7EAAA6}.Ad-Hoc|iPhoneSimulator.ActiveCfg = Ad-Hoc|iPhoneSimulator
		{1530D2DF-4035-43EA-80D1-4A935E7EAAA6}.Ad-Hoc|iPhoneSimulator.Build.0 = Ad-Hoc|iPhoneSimulator
		{1530D2DF-4035-43EA-80D1-4A935E7EAAA6}.Ad-Hoc|iPhoneSimulator.Deploy.0 = Ad-Hoc|iPhoneSimulator
		{1530D2DF-4035-43EA-80D1-4A935E7EAAA6}.AppStore|Any CPU.ActiveCfg = AppStore|iPhone
		{1530D2DF-4035-43EA-80D1-4A935E7EAAA6}.AppStore|Any CPU.Build.0 = AppStore|iPhone
		{1530D2DF-4035-43EA-80D1-4A935E7EAAA6}.AppStore|Any CPU.Deploy.0 = AppStore|iPhone
		{1530D2DF-4035-43EA-80D1-4A935E7EAAA6}.AppStore|iPhone.ActiveCfg = AppStore|iPhone
		{1530D2DF-4035-43EA-80D1-4A935E7EAAA6}.AppStore|iPhone.Build.0 = AppStore|iPhone
		{1530D2DF-4035-43EA-80D1-4A935E7EAAA6}.AppStore|iPhone.Deploy.0 = AppStore|iPhone
		{1530D2DF-4035-43EA-80D1-4A935E7EAAA6}.AppStore|iPhoneSimulator.ActiveCfg = AppStore|iPhoneSimulator
		{1530D2DF-4035-43EA-80D1-4A935E7EAAA6}.AppStore|iPhoneSimulator.Build.0 = AppStore|iPhoneSimulator
		{1530D2DF-4035-43EA-80D1-4A935E7EAAA6}.AppStore|iPhoneSimulator.Deploy.0 = AppStore|iPhoneSimulator
		{1530D2DF-4035-43EA-80D1-4A935E7EAAA6}.Debug|Any CPU.ActiveCfg = Debug|iPhoneSimulator
		{1530D2DF-4035-43EA-80D1-4A935E7EAAA6}.Debug|Any CPU.Build.0 = Debug|iPhoneSimulator
		{1530D2DF-4035-43EA-80D1-4A935E7EAAA6}.Debug|Any CPU.Deploy.0 = Debug|iPhoneSimulator
		{1530D2DF-4035-43EA-80D1-4A935E7EAAA6}.Debug|iPhone.ActiveCfg = Debug|iPhone
		{1530D2DF-4035-43EA-80D1-4A935E7EAAA6}.Debug|iPhone.Build.0 = Debug|iPhone
		{1530D2DF-4035-43EA-80D1-4A935E7EAAA6}.Debug|iPhone.Deploy.0 = Debug|iPhone
		{1530D2DF-4035-43EA-80D1-4A935E7EAAA6}.Debug|iPhoneSimulator.ActiveCfg = Debug|iPhoneSimulator
		{1530D2DF-4035-43EA-80D1-4A935E7EAAA6}.Debug|iPhoneSimulator.Build.0 = Debug|iPhoneSimulator
		{1530D2DF-4035-43EA-80D1-4A935E7EAAA6}.Debug|iPhoneSimulator.Deploy.0 = Debug|iPhoneSimulator
		{1530D2DF-4035-43EA-80D1-4A935E7EAAA6}.Release|Any CPU.ActiveCfg = Release|iPhone
		{1530D2DF-4035-43EA-80D1-4A935E7EAAA6}.Release|Any CPU.Build.0 = Release|iPhone
		{1530D2DF-4035-43EA-80D1-4A935E7EAAA6}.Release|Any CPU.Deploy.0 = Release|iPhone
		{1530D2DF-4035-43EA-80D1-4A935E7EAAA6}.Release|iPhone.ActiveCfg = Release|iPhone
		{1530D2DF-4035-43EA-80D1-4A935E7EAAA6}.Release|iPhone.Build.0 = Release|iPhone
		{1530D2DF-4035-43EA-80D1-4A935E7EAAA6}.Release|iPhone.Deploy.0 = Release|iPhone
		{1530D2DF-4035-43EA-80D1-4A935E7EAAA6}.Release|iPhoneSimulator.ActiveCfg = Release|iPhoneSimulator
		{1530D2DF-4035-43EA-80D1-4A935E7EAAA6}.Release|iPhoneSimulator.Build.0 = Release|iPhoneSimulator
		{1530D2DF-4035-43EA-80D1-4A935E7EAAA6}.Release|iPhoneSimulator.Deploy.0 = Release|iPhoneSimulator
		{38CA3570-B468-4E1C-B4DC-1A8ABEC40EF6}.Ad-Hoc|Any CPU.ActiveCfg = Debug|Any CPU
		{38CA3570-B468-4E1C-B4DC-1A8ABEC40EF6}.Ad-Hoc|Any CPU.Build.0 = Debug|Any CPU
		{38CA3570-B468-4E1C-B4DC-1A8ABEC40EF6}.Ad-Hoc|Any CPU.Deploy.0 = Debug|Any CPU
		{38CA3570-B468-4E1C-B4DC-1A8ABEC40EF6}.Ad-Hoc|iPhone.ActiveCfg = Debug|Any CPU
		{38CA3570-B468-4E1C-B4DC-1A8ABEC40EF6}.Ad-Hoc|iPhone.Build.0 = Debug|Any CPU
		{38CA3570-B468-4E1C-B4DC-1A8ABEC40EF6}.Ad-Hoc|iPhone.Deploy.0 = Debug|Any CPU
		{38CA3570-B468-4E1C-B4DC-1A8ABEC40EF6}.Ad-Hoc|iPhoneSimulator.ActiveCfg = Debug|Any CPU
		{38CA3570-B468-4E1C-B4DC-1A8ABEC40EF6}.Ad-Hoc|iPhoneSimulator.Build.0 = Debug|Any CPU
		{38CA3570-B468-4E1C-B4DC-1A8ABEC40EF6}.Ad-Hoc|iPhoneSimulator.Deploy.0 = Debug|Any CPU
		{38CA3570-B468-4E1C-B4DC-1A8ABEC40EF6}.AppStore|Any CPU.ActiveCfg = Debug|Any CPU
		{38CA3570-B468-4E1C-B4DC-1A8ABEC40EF6}.AppStore|Any CPU.Build.0 = Debug|Any CPU
		{38CA3570-B468-4E1C-B4DC-1A8ABEC40EF6}.AppStore|Any CPU.Deploy.0 = Debug|Any CPU
		{38CA3570-B468-4E1C-B4DC-1A8ABEC40EF6}.AppStore|iPhone.ActiveCfg = Debug|Any CPU
		{38CA3570-B468-4E1C-B4DC-1A8ABEC40EF6}.AppStore|iPhone.Build.0 = Debug|Any CPU
		{38CA3570-B468-4E1C-B4DC-1A8ABEC40EF6}.AppStore|iPhone.Deploy.0 = Debug|Any CPU
		{38CA3570-B468-4E1C-B4DC-1A8ABEC40EF6}.AppStore|iPhoneSimulator.ActiveCfg = Debug|Any CPU
		{38CA3570-B468-4E1C-B4DC-1A8ABEC40EF6}.AppStore|iPhoneSimulator.Build.0 = Debug|Any CPU
		{38CA3570-B468-4E1C-B4DC-1A8ABEC40EF6}.AppStore|iPhoneSimulator.Deploy.0 = Debug|Any CPU
		{38CA3570-B468-4E1C-B4DC-1A8ABEC40EF6}.Debug|Any CPU.ActiveCfg = Debug|Any CPU
		{38CA3570-B468-4E1C-B4DC-1A8ABEC40EF6}.Debug|Any CPU.Build.0 = Debug|Any CPU
		{38CA3570-B468-4E1C-B4DC-1A8ABEC40EF6}.Debug|Any CPU.Deploy.0 = Debug|Any CPU
		{38CA3570-B468-4E1C-B4DC-1A8ABEC40EF6}.Debug|iPhone.ActiveCfg = Debug|Any CPU
		{38CA3570-B468-4E1C-B4DC-1A8ABEC40EF6}.Debug|iPhone.Build.0 = Debug|Any CPU
		{38CA3570-B468-4E1C-B4DC-1A8ABEC40EF6}.Debug|iPhone.Deploy.0 = Debug|Any CPU
		{38CA3570-B468-4E1C-B4DC-1A8ABEC40EF6}.Debug|iPhoneSimulator.ActiveCfg = Debug|Any CPU
		{38CA3570-B468-4E1C-B4DC-1A8ABEC40EF6}.Debug|iPhoneSimulator.Build.0 = Debug|Any CPU
		{38CA3570-B468-4E1C-B4DC-1A8ABEC40EF6}.Debug|iPhoneSimulator.Deploy.0 = Debug|Any CPU
		{38CA3570-B468-4E1C-B4DC-1A8ABEC40EF6}.Release|Any CPU.ActiveCfg = Release|Any CPU
		{38CA3570-B468-4E1C-B4DC-1A8ABEC40EF6}.Release|Any CPU.Build.0 = Release|Any CPU
		{38CA3570-B468-4E1C-B4DC-1A8ABEC40EF6}.Release|Any CPU.Deploy.0 = Release|Any CPU
		{38CA3570-B468-4E1C-B4DC-1A8ABEC40EF6}.Release|iPhone.ActiveCfg = Release|Any CPU
		{38CA3570-B468-4E1C-B4DC-1A8ABEC40EF6}.Release|iPhone.Build.0 = Release|Any CPU
		{38CA3570-B468-4E1C-B4DC-1A8ABEC40EF6}.Release|iPhone.Deploy.0 = Release|Any CPU
		{38CA3570-B468-4E1C-B4DC-1A8ABEC40EF6}.Release|iPhoneSimulator.ActiveCfg = Release|Any CPU
		{38CA3570-B468-4E1C-B4DC-1A8ABEC40EF6}.Release|iPhoneSimulator.Build.0 = Release|Any CPU
		{38CA3570-B468-4E1C-B4DC-1A8ABEC40EF6}.Release|iPhoneSimulator.Deploy.0 = Release|Any CPU
	EndGlobalSection
	GlobalSection(SolutionProperties) = preSolution
		HideSolutionNode = FALSE
	EndGlobalSection
	GlobalSection(ExtensibilityGlobals) = postSolution
		SolutionGuid = {4A13CE3F-F21C-438A-8B0F-65FBBD2D38D7}
	EndGlobalSection
EndGlobal
